// !$*UTF8*$!
{
	archiveVersion = 1;
	classes = {
	};
	objectVersion = 56;
	objects = {

/* Begin PBXBuildFile section */
		BD11260229DDC6CB00B1FBFA /* ExpenseListItemView.swift in Sources */ = {isa = PBXBuildFile; fileRef = BD11260129DDC6CB00B1FBFA /* ExpenseListItemView.swift */; };
		BD11260629DDC9FE00B1FBFA /* MFExpenseViewModel.swift in Sources */ = {isa = PBXBuildFile; fileRef = BD11260529DDC9FE00B1FBFA /* MFExpenseViewModel.swift */; };
		BD11260829DED33E00B1FBFA /* EditorExpenseScreen.swift in Sources */ = {isa = PBXBuildFile; fileRef = BD11260729DED33D00B1FBFA /* EditorExpenseScreen.swift */; };
		BD11260A29DEF7F500B1FBFA /* Extensions.swift in Sources */ = {isa = PBXBuildFile; fileRef = BD11260929DEF7F500B1FBFA /* Extensions.swift */; };
		BD11260D29DFE88200B1FBFA /* InitialTabScreen.swift in Sources */ = {isa = PBXBuildFile; fileRef = BD11260C29DFE88100B1FBFA /* InitialTabScreen.swift */; };
		BD17A09F29DD63EB0052668D /* MyFinance_IApp.swift in Sources */ = {isa = PBXBuildFile; fileRef = BD17A09E29DD63EB0052668D /* MyFinance_IApp.swift */; };
		BD17A0A129DD63EB0052668D /* MFExpenseScreen.swift in Sources */ = {isa = PBXBuildFile; fileRef = BD17A0A029DD63EB0052668D /* MFExpenseScreen.swift */; };
		BD17A0A329DD63ED0052668D /* Assets.xcassets in Resources */ = {isa = PBXBuildFile; fileRef = BD17A0A229DD63ED0052668D /* Assets.xcassets */; };
		BD17A0AE29DD67DC0052668D /* Realm in Frameworks */ = {isa = PBXBuildFile; productRef = BD17A0AD29DD67DC0052668D /* Realm */; };
		BD17A0B029DD67DC0052668D /* RealmSwift in Frameworks */ = {isa = PBXBuildFile; productRef = BD17A0AF29DD67DC0052668D /* RealmSwift */; };
		BD17A0B229DD6AD90052668D /* Expense.swift in Sources */ = {isa = PBXBuildFile; fileRef = BD17A0B129DD6AD90052668D /* Expense.swift */; };
		BD665CF62A02668600497E40 /* ProductsListScreen.swift in Sources */ = {isa = PBXBuildFile; fileRef = BD665CF52A02668600497E40 /* ProductsListScreen.swift */; };
		BD665CF92A026C4600497E40 /* InflationScreen.swift in Sources */ = {isa = PBXBuildFile; fileRef = BD665CF82A026C4600497E40 /* InflationScreen.swift */; };
		BD73595F29F1552C00766F9A /* Debt.swift in Sources */ = {isa = PBXBuildFile; fileRef = BD73595E29F1552C00766F9A /* Debt.swift */; };
		BD73596129F1574C00766F9A /* DebtListItemView.swift in Sources */ = {isa = PBXBuildFile; fileRef = BD73596029F1574C00766F9A /* DebtListItemView.swift */; };
		BD73596329F157BD00766F9A /* EditorDebtScreen.swift in Sources */ = {isa = PBXBuildFile; fileRef = BD73596229F157BD00766F9A /* EditorDebtScreen.swift */; };
		BDAD60A42A0BED360098C5F7 /* InflationManager.swift in Sources */ = {isa = PBXBuildFile; fileRef = BDAD60A32A0BED360098C5F7 /* InflationManager.swift */; };
		BDAD60A62A0E57CC0098C5F7 /* SavingsManager.swift in Sources */ = {isa = PBXBuildFile; fileRef = BDAD60A52A0E57CC0098C5F7 /* SavingsManager.swift */; };
		BDAD60A92A0E57F50098C5F7 /* SavingsScreen.swift in Sources */ = {isa = PBXBuildFile; fileRef = BDAD60A82A0E57F50098C5F7 /* SavingsScreen.swift */; };
		BDAD60AB2A0E616A0098C5F7 /* SavingsEditor.swift in Sources */ = {isa = PBXBuildFile; fileRef = BDAD60AA2A0E616A0098C5F7 /* SavingsEditor.swift */; };
		BDAD60AD2A138B880098C5F7 /* GenericEditor.swift in Sources */ = {isa = PBXBuildFile; fileRef = BDAD60AC2A138B880098C5F7 /* GenericEditor.swift */; };
		BDAD60AF2A139E6C0098C5F7 /* SavingItemView.swift in Sources */ = {isa = PBXBuildFile; fileRef = BDAD60AE2A139E6C0098C5F7 /* SavingItemView.swift */; };
		BDAD60B12A160A140098C5F7 /* CustomNavigationLink.swift in Sources */ = {isa = PBXBuildFile; fileRef = BDAD60B02A160A140098C5F7 /* CustomNavigationLink.swift */; };
		BDAD60B32A160E8E0098C5F7 /* ExportManager.swift in Sources */ = {isa = PBXBuildFile; fileRef = BDAD60B22A160E8E0098C5F7 /* ExportManager.swift */; };
		BDAD60B62A161D6E0098C5F7 /* ImportManager.swift in Sources */ = {isa = PBXBuildFile; fileRef = BDAD60B52A161D6E0098C5F7 /* ImportManager.swift */; };
		BDAD60B92A178B020098C5F7 /* ManagerCostOfThingsIn30Years.swift in Sources */ = {isa = PBXBuildFile; fileRef = BDAD60B82A178B020098C5F7 /* ManagerCostOfThingsIn30Years.swift */; };
		BDAD60BB2A178B3A0098C5F7 /* ScreenCostOfThingsIn30Years.swift in Sources */ = {isa = PBXBuildFile; fileRef = BDAD60BA2A178B3A0098C5F7 /* ScreenCostOfThingsIn30Years.swift */; };
		BDAD60BE2A1794380098C5F7 /* AssetsScreen.swift in Sources */ = {isa = PBXBuildFile; fileRef = BDAD60BD2A1794380098C5F7 /* AssetsScreen.swift */; };
		BDC8AE6E29EF54710076C571 /* Credit.swift in Sources */ = {isa = PBXBuildFile; fileRef = BDC8AE6D29EF54710076C571 /* Credit.swift */; };
		BDC8AE7029EF5EEB0076C571 /* CreditListItemView.swift in Sources */ = {isa = PBXBuildFile; fileRef = BDC8AE6F29EF5EEB0076C571 /* CreditListItemView.swift */; };
		BDC8AE7229EF81370076C571 /* EditorCreditScreen.swift in Sources */ = {isa = PBXBuildFile; fileRef = BDC8AE7129EF81370076C571 /* EditorCreditScreen.swift */; };
		BDF5C27B29E15EFB007DED13 /* TextFieldWithAutoCompleteSuggestion.swift in Sources */ = {isa = PBXBuildFile; fileRef = BDF5C27A29E15EFB007DED13 /* TextFieldWithAutoCompleteSuggestion.swift */; };
		BDF5C27E29E5740E007DED13 /* SettingExpenseScreen.swift in Sources */ = {isa = PBXBuildFile; fileRef = BDF5C27D29E5740E007DED13 /* SettingExpenseScreen.swift */; };
		BDF5C28029E6B211007DED13 /* MoreScreen.swift in Sources */ = {isa = PBXBuildFile; fileRef = BDF5C27F29E6B211007DED13 /* MoreScreen.swift */; };
		BDF5C28429E6B345007DED13 /* ExpensesByCategoryScreen.swift in Sources */ = {isa = PBXBuildFile; fileRef = BDF5C28329E6B345007DED13 /* ExpensesByCategoryScreen.swift */; };
		BDF5C28629E6B47D007DED13 /* ExpenseByCategoryManager.swift in Sources */ = {isa = PBXBuildFile; fileRef = BDF5C28529E6B47D007DED13 /* ExpenseByCategoryManager.swift */; };
		BDF79F2229E7F9A9009B7D1D /* BarChart.swift in Sources */ = {isa = PBXBuildFile; fileRef = BDF79F2129E7F9A9009B7D1D /* BarChart.swift */; };
		BDF79F2429E823F9009B7D1D /* ExpensesChartScreen.swift in Sources */ = {isa = PBXBuildFile; fileRef = BDF79F2329E823F9009B7D1D /* ExpensesChartScreen.swift */; };
		BDF79F2929EABDE0009B7D1D /* ExpenseChartManager.swift in Sources */ = {isa = PBXBuildFile; fileRef = BDF79F2829EABDE0009B7D1D /* ExpenseChartManager.swift */; };
		BDF79F2B29EF3814009B7D1D /* ListDebtScreen.swift in Sources */ = {isa = PBXBuildFile; fileRef = BDF79F2A29EF3813009B7D1D /* ListDebtScreen.swift */; };
		BDF79F2D29EF3848009B7D1D /* DebtManager.swift in Sources */ = {isa = PBXBuildFile; fileRef = BDF79F2C29EF3848009B7D1D /* DebtManager.swift */; };
		BDF79F2F29EF387D009B7D1D /* ListCreditScreen.swift in Sources */ = {isa = PBXBuildFile; fileRef = BDF79F2E29EF387D009B7D1D /* ListCreditScreen.swift */; };
		BDF79F3129EF38B1009B7D1D /* CreditManager.swift in Sources */ = {isa = PBXBuildFile; fileRef = BDF79F3029EF38B1009B7D1D /* CreditManager.swift */; };
		F02A72082C3FF50900257F2E /* MFExpense.swift in Sources */ = {isa = PBXBuildFile; fileRef = F02A72072C3FF50900257F2E /* MFExpense.swift */; };
		F02A720D2C3FF64200257F2E /* Saving.swift in Sources */ = {isa = PBXBuildFile; fileRef = F02A720C2C3FF64200257F2E /* Saving.swift */; };
		F02A720F2C3FF67A00257F2E /* MFBudgetDTO.swift in Sources */ = {isa = PBXBuildFile; fileRef = F02A720E2C3FF67A00257F2E /* MFBudgetDTO.swift */; };
		F02A72112C3FF69F00257F2E /* MFBudgetItemDTO.swift in Sources */ = {isa = PBXBuildFile; fileRef = F02A72102C3FF69F00257F2E /* MFBudgetItemDTO.swift */; };
		F02A72142C4136C600257F2E /* MFIncomeView.swift in Sources */ = {isa = PBXBuildFile; fileRef = F02A72132C4136C600257F2E /* MFIncomeView.swift */; };
		F02A72162C4136EE00257F2E /* MFIncomeViewModel.swift in Sources */ = {isa = PBXBuildFile; fileRef = F02A72152C4136EE00257F2E /* MFIncomeViewModel.swift */; };
		F02CF6292C0D961700BE538B /* MFToolbar.swift in Sources */ = {isa = PBXBuildFile; fileRef = F02CF6282C0D961700BE538B /* MFToolbar.swift */; };
		F02CF62D2C0DA42A00BE538B /* Object+Ext.swift in Sources */ = {isa = PBXBuildFile; fileRef = F02CF62C2C0DA42A00BE538B /* Object+Ext.swift */; };
		F064BF592C0D8A2B00136B8D /* MFBudgetsListScreen.swift in Sources */ = {isa = PBXBuildFile; fileRef = F064BF582C0D8A2B00136B8D /* MFBudgetsListScreen.swift */; };
		F064BF5B2C0D8A3A00136B8D /* MFBudgetsListViewModel.swift in Sources */ = {isa = PBXBuildFile; fileRef = F064BF5A2C0D8A3A00136B8D /* MFBudgetsListViewModel.swift */; };
		F064BF5E2C0D8AA100136B8D /* MoreSettingsScreen.swift in Sources */ = {isa = PBXBuildFile; fileRef = F064BF5D2C0D8AA100136B8D /* MoreSettingsScreen.swift */; };
		F064BF622C0D8E9800136B8D /* MFFloatingButton.swift in Sources */ = {isa = PBXBuildFile; fileRef = F064BF612C0D8E9800136B8D /* MFFloatingButton.swift */; };
		F07EA8F92C0DD3B10057BDDB /* MFBudgetViewModel.swift in Sources */ = {isa = PBXBuildFile; fileRef = F07EA8F82C0DD3B10057BDDB /* MFBudgetViewModel.swift */; };
		F07EA8FB2C0DDFD20057BDDB /* MFBudgetItemEditorScreen.swift in Sources */ = {isa = PBXBuildFile; fileRef = F07EA8FA2C0DDFD20057BDDB /* MFBudgetItemEditorScreen.swift */; };
		F07EA8FD2C10886F0057BDDB /* MFBudgetListHeaderItem.swift in Sources */ = {isa = PBXBuildFile; fileRef = F07EA8FC2C10886F0057BDDB /* MFBudgetListHeaderItem.swift */; };
		F07EA9032C10923D0057BDDB /* View+Ext.swift in Sources */ = {isa = PBXBuildFile; fileRef = F07EA9022C10923D0057BDDB /* View+Ext.swift */; };
		F07EA9052C1097EA0057BDDB /* MFButton.swift in Sources */ = {isa = PBXBuildFile; fileRef = F07EA9042C1097EA0057BDDB /* MFButton.swift */; };
		F07EA9072C10980F0057BDDB /* MyComponents.swift in Sources */ = {isa = PBXBuildFile; fileRef = F07EA9062C10980F0057BDDB /* MyComponents.swift */; };
		F0B80C5B2C0DCF7200C8D98E /* MFBudgetScreen.swift in Sources */ = {isa = PBXBuildFile; fileRef = F0B80C5A2C0DCF7200C8D98E /* MFBudgetScreen.swift */; };
		F0CC0F432C4A66C3009C0707 /* MFIncomeDTO.swift in Sources */ = {isa = PBXBuildFile; fileRef = F0CC0F422C4A66C3009C0707 /* MFIncomeDTO.swift */; };
		F0CC0F452C4A7890009C0707 /* MFUnit.swift in Sources */ = {isa = PBXBuildFile; fileRef = F0CC0F442C4A7890009C0707 /* MFUnit.swift */; };
		F0E53D4D2C53B2F600D20AAC /* Double+Ext.swift in Sources */ = {isa = PBXBuildFile; fileRef = F0E53D4C2C53B2F600D20AAC /* Double+Ext.swift */; };
		F0E53D4F2C53B97700D20AAC /* UserDefaults+Ext.swift in Sources */ = {isa = PBXBuildFile; fileRef = F0E53D4E2C53B97700D20AAC /* UserDefaults+Ext.swift */; };
		F0E53D642C5CF08C00D20AAC /* Realm+Ext.swift in Sources */ = {isa = PBXBuildFile; fileRef = F0E53D632C5CF08C00D20AAC /* Realm+Ext.swift */; };
		F0E53D662C5CF5A800D20AAC /* Array+Ext.swift in Sources */ = {isa = PBXBuildFile; fileRef = F0E53D652C5CF5A800D20AAC /* Array+Ext.swift */; };
		F0E53D682C5CFA6900D20AAC /* Date+Ext.swift in Sources */ = {isa = PBXBuildFile; fileRef = F0E53D672C5CFA6900D20AAC /* Date+Ext.swift */; };
		F0E53D6A2C5CFA8700D20AAC /* String+Ext.swift in Sources */ = {isa = PBXBuildFile; fileRef = F0E53D692C5CFA8700D20AAC /* String+Ext.swift */; };
		F0E53D6C2C5D09DC00D20AAC /* UIApplication.swift in Sources */ = {isa = PBXBuildFile; fileRef = F0E53D6B2C5D09DC00D20AAC /* UIApplication.swift */; };
/* End PBXBuildFile section */

/* Begin PBXFileReference section */
		BD11260129DDC6CB00B1FBFA /* ExpenseListItemView.swift */ = {isa = PBXFileReference; lastKnownFileType = sourcecode.swift; path = ExpenseListItemView.swift; sourceTree = "<group>"; };
		BD11260529DDC9FE00B1FBFA /* MFExpenseViewModel.swift */ = {isa = PBXFileReference; lastKnownFileType = sourcecode.swift; path = MFExpenseViewModel.swift; sourceTree = "<group>"; };
		BD11260729DED33D00B1FBFA /* EditorExpenseScreen.swift */ = {isa = PBXFileReference; lastKnownFileType = sourcecode.swift; path = EditorExpenseScreen.swift; sourceTree = "<group>"; };
		BD11260929DEF7F500B1FBFA /* Extensions.swift */ = {isa = PBXFileReference; lastKnownFileType = sourcecode.swift; path = Extensions.swift; sourceTree = "<group>"; };
		BD11260C29DFE88100B1FBFA /* InitialTabScreen.swift */ = {isa = PBXFileReference; lastKnownFileType = sourcecode.swift; path = InitialTabScreen.swift; sourceTree = "<group>"; };
		BD17A09B29DD63EB0052668D /* MyFinance-I.app */ = {isa = PBXFileReference; explicitFileType = wrapper.application; includeInIndex = 0; path = "MyFinance-I.app"; sourceTree = BUILT_PRODUCTS_DIR; };
		BD17A09E29DD63EB0052668D /* MyFinance_IApp.swift */ = {isa = PBXFileReference; lastKnownFileType = sourcecode.swift; path = MyFinance_IApp.swift; sourceTree = "<group>"; };
		BD17A0A029DD63EB0052668D /* MFExpenseScreen.swift */ = {isa = PBXFileReference; lastKnownFileType = sourcecode.swift; path = MFExpenseScreen.swift; sourceTree = "<group>"; };
		BD17A0A229DD63ED0052668D /* Assets.xcassets */ = {isa = PBXFileReference; lastKnownFileType = folder.assetcatalog; path = Assets.xcassets; sourceTree = "<group>"; };
		BD17A0B129DD6AD90052668D /* Expense.swift */ = {isa = PBXFileReference; lastKnownFileType = sourcecode.swift; path = Expense.swift; sourceTree = "<group>"; };
		BD665CF52A02668600497E40 /* ProductsListScreen.swift */ = {isa = PBXFileReference; lastKnownFileType = sourcecode.swift; path = ProductsListScreen.swift; sourceTree = "<group>"; };
		BD665CF82A026C4600497E40 /* InflationScreen.swift */ = {isa = PBXFileReference; lastKnownFileType = sourcecode.swift; path = InflationScreen.swift; sourceTree = "<group>"; };
		BD73595E29F1552C00766F9A /* Debt.swift */ = {isa = PBXFileReference; lastKnownFileType = sourcecode.swift; path = Debt.swift; sourceTree = "<group>"; };
		BD73596029F1574C00766F9A /* DebtListItemView.swift */ = {isa = PBXFileReference; lastKnownFileType = sourcecode.swift; path = DebtListItemView.swift; sourceTree = "<group>"; };
		BD73596229F157BD00766F9A /* EditorDebtScreen.swift */ = {isa = PBXFileReference; lastKnownFileType = sourcecode.swift; path = EditorDebtScreen.swift; sourceTree = "<group>"; };
		BDAD60A32A0BED360098C5F7 /* InflationManager.swift */ = {isa = PBXFileReference; lastKnownFileType = sourcecode.swift; path = InflationManager.swift; sourceTree = "<group>"; };
		BDAD60A52A0E57CC0098C5F7 /* SavingsManager.swift */ = {isa = PBXFileReference; lastKnownFileType = sourcecode.swift; path = SavingsManager.swift; sourceTree = "<group>"; };
		BDAD60A82A0E57F50098C5F7 /* SavingsScreen.swift */ = {isa = PBXFileReference; lastKnownFileType = sourcecode.swift; path = SavingsScreen.swift; sourceTree = "<group>"; };
		BDAD60AA2A0E616A0098C5F7 /* SavingsEditor.swift */ = {isa = PBXFileReference; lastKnownFileType = sourcecode.swift; path = SavingsEditor.swift; sourceTree = "<group>"; };
		BDAD60AC2A138B880098C5F7 /* GenericEditor.swift */ = {isa = PBXFileReference; lastKnownFileType = sourcecode.swift; path = GenericEditor.swift; sourceTree = "<group>"; };
		BDAD60AE2A139E6C0098C5F7 /* SavingItemView.swift */ = {isa = PBXFileReference; lastKnownFileType = sourcecode.swift; path = SavingItemView.swift; sourceTree = "<group>"; };
		BDAD60B02A160A140098C5F7 /* CustomNavigationLink.swift */ = {isa = PBXFileReference; lastKnownFileType = sourcecode.swift; path = CustomNavigationLink.swift; sourceTree = "<group>"; };
		BDAD60B22A160E8E0098C5F7 /* ExportManager.swift */ = {isa = PBXFileReference; lastKnownFileType = sourcecode.swift; path = ExportManager.swift; sourceTree = "<group>"; };
		BDAD60B52A161D6E0098C5F7 /* ImportManager.swift */ = {isa = PBXFileReference; lastKnownFileType = sourcecode.swift; path = ImportManager.swift; sourceTree = "<group>"; };
		BDAD60B82A178B020098C5F7 /* ManagerCostOfThingsIn30Years.swift */ = {isa = PBXFileReference; lastKnownFileType = sourcecode.swift; path = ManagerCostOfThingsIn30Years.swift; sourceTree = "<group>"; };
		BDAD60BA2A178B3A0098C5F7 /* ScreenCostOfThingsIn30Years.swift */ = {isa = PBXFileReference; lastKnownFileType = sourcecode.swift; path = ScreenCostOfThingsIn30Years.swift; sourceTree = "<group>"; };
		BDAD60BD2A1794380098C5F7 /* AssetsScreen.swift */ = {isa = PBXFileReference; lastKnownFileType = sourcecode.swift; path = AssetsScreen.swift; sourceTree = "<group>"; };
		BDC8AE6D29EF54710076C571 /* Credit.swift */ = {isa = PBXFileReference; lastKnownFileType = sourcecode.swift; path = Credit.swift; sourceTree = "<group>"; };
		BDC8AE6F29EF5EEB0076C571 /* CreditListItemView.swift */ = {isa = PBXFileReference; lastKnownFileType = sourcecode.swift; path = CreditListItemView.swift; sourceTree = "<group>"; };
		BDC8AE7129EF81370076C571 /* EditorCreditScreen.swift */ = {isa = PBXFileReference; lastKnownFileType = sourcecode.swift; path = EditorCreditScreen.swift; sourceTree = "<group>"; };
		BDF5C27A29E15EFB007DED13 /* TextFieldWithAutoCompleteSuggestion.swift */ = {isa = PBXFileReference; lastKnownFileType = sourcecode.swift; path = TextFieldWithAutoCompleteSuggestion.swift; sourceTree = "<group>"; };
		BDF5C27C29E429EB007DED13 /* Info.plist */ = {isa = PBXFileReference; lastKnownFileType = text.plist; path = Info.plist; sourceTree = "<group>"; };
		BDF5C27D29E5740E007DED13 /* SettingExpenseScreen.swift */ = {isa = PBXFileReference; lastKnownFileType = sourcecode.swift; path = SettingExpenseScreen.swift; sourceTree = "<group>"; };
		BDF5C27F29E6B211007DED13 /* MoreScreen.swift */ = {isa = PBXFileReference; lastKnownFileType = sourcecode.swift; path = MoreScreen.swift; sourceTree = "<group>"; };
		BDF5C28329E6B345007DED13 /* ExpensesByCategoryScreen.swift */ = {isa = PBXFileReference; lastKnownFileType = sourcecode.swift; path = ExpensesByCategoryScreen.swift; sourceTree = "<group>"; };
		BDF5C28529E6B47D007DED13 /* ExpenseByCategoryManager.swift */ = {isa = PBXFileReference; lastKnownFileType = sourcecode.swift; path = ExpenseByCategoryManager.swift; sourceTree = "<group>"; };
		BDF79F2129E7F9A9009B7D1D /* BarChart.swift */ = {isa = PBXFileReference; lastKnownFileType = sourcecode.swift; path = BarChart.swift; sourceTree = "<group>"; };
		BDF79F2329E823F9009B7D1D /* ExpensesChartScreen.swift */ = {isa = PBXFileReference; lastKnownFileType = sourcecode.swift; path = ExpensesChartScreen.swift; sourceTree = "<group>"; };
		BDF79F2829EABDE0009B7D1D /* ExpenseChartManager.swift */ = {isa = PBXFileReference; lastKnownFileType = sourcecode.swift; path = ExpenseChartManager.swift; sourceTree = "<group>"; };
		BDF79F2A29EF3813009B7D1D /* ListDebtScreen.swift */ = {isa = PBXFileReference; lastKnownFileType = sourcecode.swift; path = ListDebtScreen.swift; sourceTree = "<group>"; };
		BDF79F2C29EF3848009B7D1D /* DebtManager.swift */ = {isa = PBXFileReference; lastKnownFileType = sourcecode.swift; path = DebtManager.swift; sourceTree = "<group>"; };
		BDF79F2E29EF387D009B7D1D /* ListCreditScreen.swift */ = {isa = PBXFileReference; lastKnownFileType = sourcecode.swift; path = ListCreditScreen.swift; sourceTree = "<group>"; };
		BDF79F3029EF38B1009B7D1D /* CreditManager.swift */ = {isa = PBXFileReference; lastKnownFileType = sourcecode.swift; path = CreditManager.swift; sourceTree = "<group>"; };
		F02A72072C3FF50900257F2E /* MFExpense.swift */ = {isa = PBXFileReference; lastKnownFileType = sourcecode.swift; path = MFExpense.swift; sourceTree = "<group>"; };
		F02A720C2C3FF64200257F2E /* Saving.swift */ = {isa = PBXFileReference; lastKnownFileType = sourcecode.swift; path = Saving.swift; sourceTree = "<group>"; };
		F02A720E2C3FF67A00257F2E /* MFBudgetDTO.swift */ = {isa = PBXFileReference; lastKnownFileType = sourcecode.swift; path = MFBudgetDTO.swift; sourceTree = "<group>"; };
		F02A72102C3FF69F00257F2E /* MFBudgetItemDTO.swift */ = {isa = PBXFileReference; lastKnownFileType = sourcecode.swift; path = MFBudgetItemDTO.swift; sourceTree = "<group>"; };
		F02A72132C4136C600257F2E /* MFIncomeView.swift */ = {isa = PBXFileReference; lastKnownFileType = sourcecode.swift; path = MFIncomeView.swift; sourceTree = "<group>"; };
		F02A72152C4136EE00257F2E /* MFIncomeViewModel.swift */ = {isa = PBXFileReference; lastKnownFileType = sourcecode.swift; path = MFIncomeViewModel.swift; sourceTree = "<group>"; };
		F02CF6282C0D961700BE538B /* MFToolbar.swift */ = {isa = PBXFileReference; lastKnownFileType = sourcecode.swift; path = MFToolbar.swift; sourceTree = "<group>"; };
		F02CF62C2C0DA42A00BE538B /* Object+Ext.swift */ = {isa = PBXFileReference; lastKnownFileType = sourcecode.swift; path = "Object+Ext.swift"; sourceTree = "<group>"; };
		F064BF582C0D8A2B00136B8D /* MFBudgetsListScreen.swift */ = {isa = PBXFileReference; lastKnownFileType = sourcecode.swift; path = MFBudgetsListScreen.swift; sourceTree = "<group>"; };
		F064BF5A2C0D8A3A00136B8D /* MFBudgetsListViewModel.swift */ = {isa = PBXFileReference; lastKnownFileType = sourcecode.swift; path = MFBudgetsListViewModel.swift; sourceTree = "<group>"; };
		F064BF5D2C0D8AA100136B8D /* MoreSettingsScreen.swift */ = {isa = PBXFileReference; lastKnownFileType = sourcecode.swift; path = MoreSettingsScreen.swift; sourceTree = "<group>"; };
		F064BF612C0D8E9800136B8D /* MFFloatingButton.swift */ = {isa = PBXFileReference; lastKnownFileType = sourcecode.swift; path = MFFloatingButton.swift; sourceTree = "<group>"; };
		F07EA8F82C0DD3B10057BDDB /* MFBudgetViewModel.swift */ = {isa = PBXFileReference; lastKnownFileType = sourcecode.swift; path = MFBudgetViewModel.swift; sourceTree = "<group>"; };
		F07EA8FA2C0DDFD20057BDDB /* MFBudgetItemEditorScreen.swift */ = {isa = PBXFileReference; lastKnownFileType = sourcecode.swift; path = MFBudgetItemEditorScreen.swift; sourceTree = "<group>"; };
		F07EA8FC2C10886F0057BDDB /* MFBudgetListHeaderItem.swift */ = {isa = PBXFileReference; lastKnownFileType = sourcecode.swift; path = MFBudgetListHeaderItem.swift; sourceTree = "<group>"; };
		F07EA9022C10923D0057BDDB /* View+Ext.swift */ = {isa = PBXFileReference; lastKnownFileType = sourcecode.swift; path = "View+Ext.swift"; sourceTree = "<group>"; };
		F07EA9042C1097EA0057BDDB /* MFButton.swift */ = {isa = PBXFileReference; lastKnownFileType = sourcecode.swift; path = MFButton.swift; sourceTree = "<group>"; };
		F07EA9062C10980F0057BDDB /* MyComponents.swift */ = {isa = PBXFileReference; lastKnownFileType = sourcecode.swift; path = MyComponents.swift; sourceTree = "<group>"; };
		F0B80C5A2C0DCF7200C8D98E /* MFBudgetScreen.swift */ = {isa = PBXFileReference; lastKnownFileType = sourcecode.swift; path = MFBudgetScreen.swift; sourceTree = "<group>"; };
		F0CC0F422C4A66C3009C0707 /* MFIncomeDTO.swift */ = {isa = PBXFileReference; lastKnownFileType = sourcecode.swift; path = MFIncomeDTO.swift; sourceTree = "<group>"; };
		F0CC0F442C4A7890009C0707 /* MFUnit.swift */ = {isa = PBXFileReference; lastKnownFileType = sourcecode.swift; path = MFUnit.swift; sourceTree = "<group>"; };
		F0E53D4C2C53B2F600D20AAC /* Double+Ext.swift */ = {isa = PBXFileReference; lastKnownFileType = sourcecode.swift; path = "Double+Ext.swift"; sourceTree = "<group>"; };
		F0E53D4E2C53B97700D20AAC /* UserDefaults+Ext.swift */ = {isa = PBXFileReference; lastKnownFileType = sourcecode.swift; path = "UserDefaults+Ext.swift"; sourceTree = "<group>"; };
		F0E53D632C5CF08C00D20AAC /* Realm+Ext.swift */ = {isa = PBXFileReference; lastKnownFileType = sourcecode.swift; path = "Realm+Ext.swift"; sourceTree = "<group>"; };
		F0E53D652C5CF5A800D20AAC /* Array+Ext.swift */ = {isa = PBXFileReference; lastKnownFileType = sourcecode.swift; path = "Array+Ext.swift"; sourceTree = "<group>"; };
		F0E53D672C5CFA6900D20AAC /* Date+Ext.swift */ = {isa = PBXFileReference; lastKnownFileType = sourcecode.swift; path = "Date+Ext.swift"; sourceTree = "<group>"; };
		F0E53D692C5CFA8700D20AAC /* String+Ext.swift */ = {isa = PBXFileReference; lastKnownFileType = sourcecode.swift; path = "String+Ext.swift"; sourceTree = "<group>"; };
		F0E53D6B2C5D09DC00D20AAC /* UIApplication.swift */ = {isa = PBXFileReference; lastKnownFileType = sourcecode.swift; path = UIApplication.swift; sourceTree = "<group>"; };
/* End PBXFileReference section */

/* Begin PBXFrameworksBuildPhase section */
		BD17A09829DD63EB0052668D /* Frameworks */ = {
			isa = PBXFrameworksBuildPhase;
			buildActionMask = 2147483647;
			files = (
				BD17A0B029DD67DC0052668D /* RealmSwift in Frameworks */,
				BD17A0AE29DD67DC0052668D /* Realm in Frameworks */,
			);
			runOnlyForDeploymentPostprocessing = 0;
		};
/* End PBXFrameworksBuildPhase section */

/* Begin PBXGroup section */
		BD11260029DDA4F100B1FBFA /* Configuration */ = {
			isa = PBXGroup;
			children = (
				BD17A09E29DD63EB0052668D /* MyFinance_IApp.swift */,
			);
			path = Configuration;
			sourceTree = "<group>";
		};
		BD17A09229DD63EB0052668D = {
			isa = PBXGroup;
			children = (
				BD17A09D29DD63EB0052668D /* MyFinance-I */,
				BD17A09C29DD63EB0052668D /* Products */,
			);
			sourceTree = "<group>";
		};
		BD17A09C29DD63EB0052668D /* Products */ = {
			isa = PBXGroup;
			children = (
				BD17A09B29DD63EB0052668D /* MyFinance-I.app */,
			);
			name = Products;
			sourceTree = "<group>";
		};
		BD17A09D29DD63EB0052668D /* MyFinance-I */ = {
			isa = PBXGroup;
			children = (
				BDF5C28729E728CB007DED13 /* Presentation */,
				F02A72092C3FF5E300257F2E /* Infrastructure */,
				F0E53D4B2C53A7D700D20AAC /* Supporting Files */,
				BDF5C27C29E429EB007DED13 /* Info.plist */,
			);
			path = "MyFinance-I";
			sourceTree = "<group>";
		};
		BD665CF72A02693200497E40 /* Inflation */ = {
			isa = PBXGroup;
			children = (
				BD665CF52A02668600497E40 /* ProductsListScreen.swift */,
				BD665CF82A026C4600497E40 /* InflationScreen.swift */,
				BDAD60A32A0BED360098C5F7 /* InflationManager.swift */,
			);
			path = Inflation;
			sourceTree = "<group>";
		};
		BD73595D29F154B900766F9A /* Debt */ = {
			isa = PBXGroup;
			children = (
				BDF79F2C29EF3848009B7D1D /* DebtManager.swift */,
				BDF79F2A29EF3813009B7D1D /* ListDebtScreen.swift */,
				BD73596229F157BD00766F9A /* EditorDebtScreen.swift */,
				BD73596029F1574C00766F9A /* DebtListItemView.swift */,
			);
			path = Debt;
			sourceTree = "<group>";
		};
		BD7359BE29F7EEFF00766F9A /* Models */ = {
			isa = PBXGroup;
			children = (
				F02A72072C3FF50900257F2E /* MFExpense.swift */,
			);
			path = Models;
			sourceTree = "<group>";
		};
		BD7359BF29F7EF4300766F9A /* Chart */ = {
			isa = PBXGroup;
			children = (
				BDF79F2329E823F9009B7D1D /* ExpensesChartScreen.swift */,
				BDF79F2829EABDE0009B7D1D /* ExpenseChartManager.swift */,
			);
			path = Chart;
			sourceTree = "<group>";
		};
		BD7359C029F7EF4D00766F9A /* Category */ = {
			isa = PBXGroup;
			children = (
				BDF5C28329E6B345007DED13 /* ExpensesByCategoryScreen.swift */,
				BDF5C28529E6B47D007DED13 /* ExpenseByCategoryManager.swift */,
			);
			path = Category;
			sourceTree = "<group>";
		};
		BDAD60A72A0E57DD0098C5F7 /* Savings */ = {
			isa = PBXGroup;
			children = (
				BDAD60A52A0E57CC0098C5F7 /* SavingsManager.swift */,
				BDAD60A82A0E57F50098C5F7 /* SavingsScreen.swift */,
				BDAD60AA2A0E616A0098C5F7 /* SavingsEditor.swift */,
				BDAD60AE2A139E6C0098C5F7 /* SavingItemView.swift */,
			);
			path = Savings;
			sourceTree = "<group>";
		};
		BDAD60B42A160E950098C5F7 /* Extensions */ = {
			isa = PBXGroup;
			children = (
				BD11260929DEF7F500B1FBFA /* Extensions.swift */,
				F0E53D6B2C5D09DC00D20AAC /* UIApplication.swift */,
				F0E53D692C5CFA8700D20AAC /* String+Ext.swift */,
				F0E53D672C5CFA6900D20AAC /* Date+Ext.swift */,
				F07EA9022C10923D0057BDDB /* View+Ext.swift */,
				F02CF62C2C0DA42A00BE538B /* Object+Ext.swift */,
				F0E53D4C2C53B2F600D20AAC /* Double+Ext.swift */,
				F0E53D4E2C53B97700D20AAC /* UserDefaults+Ext.swift */,
				F0E53D632C5CF08C00D20AAC /* Realm+Ext.swift */,
				F0E53D652C5CF5A800D20AAC /* Array+Ext.swift */,
			);
			path = Extensions;
			sourceTree = "<group>";
		};
		BDAD60B72A161D8C0098C5F7 /* Setting */ = {
			isa = PBXGroup;
			children = (
				BDAD60B22A160E8E0098C5F7 /* ExportManager.swift */,
				BDAD60B52A161D6E0098C5F7 /* ImportManager.swift */,
				F064BF5D2C0D8AA100136B8D /* MoreSettingsScreen.swift */,
			);
			path = Setting;
			sourceTree = "<group>";
		};
		BDAD60BC2A1791430098C5F7 /* CostOfThingsIn30Years */ = {
			isa = PBXGroup;
			children = (
				BDAD60B82A178B020098C5F7 /* ManagerCostOfThingsIn30Years.swift */,
				BDAD60BA2A178B3A0098C5F7 /* ScreenCostOfThingsIn30Years.swift */,
			);
			path = CostOfThingsIn30Years;
			sourceTree = "<group>";
		};
		BDC8AE6C29EF54270076C571 /* Credit */ = {
			isa = PBXGroup;
			children = (
				BDF79F3029EF38B1009B7D1D /* CreditManager.swift */,
				BDF79F2E29EF387D009B7D1D /* ListCreditScreen.swift */,
				BDC8AE7129EF81370076C571 /* EditorCreditScreen.swift */,
				BDC8AE6F29EF5EEB0076C571 /* CreditListItemView.swift */,
			);
			path = Credit;
			sourceTree = "<group>";
		};
		BDF5C28729E728CB007DED13 /* Presentation */ = {
			isa = PBXGroup;
			children = (
				F02A72052C3FF46000257F2E /* Screens */,
				F02A72172C41372B00257F2E /* Views */,
			);
			path = Presentation;
			sourceTree = "<group>";
		};
		BDF79F1E29E729E4009B7D1D /* Expense */ = {
			isa = PBXGroup;
			children = (
				F02A72062C3FF4A900257F2E /* Main */,
				F064BF5F2C0D8DDF00136B8D /* Settings */,
				F064BF602C0D8DF000136B8D /* Create */,
				BD7359BE29F7EEFF00766F9A /* Models */,
				BDF79F2029E72B93009B7D1D /* Views */,
			);
			path = Expense;
			sourceTree = "<group>";
		};
		BDF79F1F29E72ABA009B7D1D /* More */ = {
			isa = PBXGroup;
			children = (
				BDF5C27F29E6B211007DED13 /* MoreScreen.swift */,
				F02A72122C4135A000257F2E /* Income */,
				BDAD60B72A161D8C0098C5F7 /* Setting */,
				BDC8AE6C29EF54270076C571 /* Credit */,
				BD73595D29F154B900766F9A /* Debt */,
				BD7359BF29F7EF4300766F9A /* Chart */,
				BD7359C029F7EF4D00766F9A /* Category */,
				BD665CF72A02693200497E40 /* Inflation */,
				BDAD60A72A0E57DD0098C5F7 /* Savings */,
				BDAD60BC2A1791430098C5F7 /* CostOfThingsIn30Years */,
				F064BF572C0D8A0400136B8D /* Assets */,
				F064BF5C2C0D8A4100136B8D /* Budget */,
			);
			path = More;
			sourceTree = "<group>";
		};
		BDF79F2029E72B93009B7D1D /* Views */ = {
			isa = PBXGroup;
			children = (
				BD11260129DDC6CB00B1FBFA /* ExpenseListItemView.swift */,
			);
			path = Views;
			sourceTree = "<group>";
		};
		F02A72052C3FF46000257F2E /* Screens */ = {
			isa = PBXGroup;
			children = (
				F0CC0F412C4A4D36009C0707 /* Main */,
				BDF79F1F29E72ABA009B7D1D /* More */,
				BDF79F1E29E729E4009B7D1D /* Expense */,
			);
			path = Screens;
			sourceTree = "<group>";
		};
		F02A72062C3FF4A900257F2E /* Main */ = {
			isa = PBXGroup;
			children = (
				BD11260529DDC9FE00B1FBFA /* MFExpenseViewModel.swift */,
				BD17A0A029DD63EB0052668D /* MFExpenseScreen.swift */,
			);
			path = Main;
			sourceTree = "<group>";
		};
		F02A72092C3FF5E300257F2E /* Infrastructure */ = {
			isa = PBXGroup;
			children = (
				F02A720A2C3FF5FD00257F2E /* Storage */,
				F0CC0F442C4A7890009C0707 /* MFUnit.swift */,
			);
			path = Infrastructure;
			sourceTree = "<group>";
		};
		F02A720A2C3FF5FD00257F2E /* Storage */ = {
			isa = PBXGroup;
			children = (
				F02A720B2C3FF60500257F2E /* DOMs */,
			);
			path = Storage;
			sourceTree = "<group>";
		};
		F02A720B2C3FF60500257F2E /* DOMs */ = {
			isa = PBXGroup;
			children = (
				BD17A0B129DD6AD90052668D /* Expense.swift */,
				BDC8AE6D29EF54710076C571 /* Credit.swift */,
				BD73595E29F1552C00766F9A /* Debt.swift */,
				F02A720C2C3FF64200257F2E /* Saving.swift */,
				F02A720E2C3FF67A00257F2E /* MFBudgetDTO.swift */,
				F02A72102C3FF69F00257F2E /* MFBudgetItemDTO.swift */,
				F0CC0F422C4A66C3009C0707 /* MFIncomeDTO.swift */,
			);
			path = DOMs;
			sourceTree = "<group>";
		};
		F02A72122C4135A000257F2E /* Income */ = {
			isa = PBXGroup;
			children = (
				F02A72132C4136C600257F2E /* MFIncomeView.swift */,
				F02A72152C4136EE00257F2E /* MFIncomeViewModel.swift */,
			);
			path = Income;
			sourceTree = "<group>";
		};
		F02A72172C41372B00257F2E /* Views */ = {
			isa = PBXGroup;
			children = (
				BDAD60AC2A138B880098C5F7 /* GenericEditor.swift */,
				BDF79F2129E7F9A9009B7D1D /* BarChart.swift */,
				BDF5C27A29E15EFB007DED13 /* TextFieldWithAutoCompleteSuggestion.swift */,
				BDAD60B02A160A140098C5F7 /* CustomNavigationLink.swift */,
				F064BF612C0D8E9800136B8D /* MFFloatingButton.swift */,
				F02CF6282C0D961700BE538B /* MFToolbar.swift */,
				F07EA8FC2C10886F0057BDDB /* MFBudgetListHeaderItem.swift */,
				F07EA9042C1097EA0057BDDB /* MFButton.swift */,
				F07EA9062C10980F0057BDDB /* MyComponents.swift */,
			);
			path = Views;
			sourceTree = "<group>";
		};
		F064BF572C0D8A0400136B8D /* Assets */ = {
			isa = PBXGroup;
			children = (
				BDAD60BD2A1794380098C5F7 /* AssetsScreen.swift */,
			);
			path = Assets;
			sourceTree = "<group>";
		};
		F064BF5C2C0D8A4100136B8D /* Budget */ = {
			isa = PBXGroup;
			children = (
				F0B80C5C2C0DCF7900C8D98E /* Main */,
				F07EA9012C108B1F0057BDDB /* Budget Editor */,
				F0B80C5D2C0DCF8A00C8D98E /* Budget */,
			);
			path = Budget;
			sourceTree = "<group>";
		};
		F064BF5F2C0D8DDF00136B8D /* Settings */ = {
			isa = PBXGroup;
			children = (
				BDF5C27D29E5740E007DED13 /* SettingExpenseScreen.swift */,
			);
			path = Settings;
			sourceTree = "<group>";
		};
		F064BF602C0D8DF000136B8D /* Create */ = {
			isa = PBXGroup;
			children = (
				BD11260729DED33D00B1FBFA /* EditorExpenseScreen.swift */,
			);
			path = Create;
			sourceTree = "<group>";
		};
		F07EA9012C108B1F0057BDDB /* Budget Editor */ = {
			isa = PBXGroup;
			children = (
				F07EA8FA2C0DDFD20057BDDB /* MFBudgetItemEditorScreen.swift */,
			);
			path = "Budget Editor";
			sourceTree = "<group>";
		};
		F0B80C5C2C0DCF7900C8D98E /* Main */ = {
			isa = PBXGroup;
			children = (
				F064BF582C0D8A2B00136B8D /* MFBudgetsListScreen.swift */,
				F064BF5A2C0D8A3A00136B8D /* MFBudgetsListViewModel.swift */,
			);
			path = Main;
			sourceTree = "<group>";
		};
		F0B80C5D2C0DCF8A00C8D98E /* Budget */ = {
			isa = PBXGroup;
			children = (
				F0B80C5A2C0DCF7200C8D98E /* MFBudgetScreen.swift */,
				F07EA8F82C0DD3B10057BDDB /* MFBudgetViewModel.swift */,
			);
			path = Budget;
			sourceTree = "<group>";
		};
		F0CC0F402C4A4C38009C0707 /* Resources */ = {
			isa = PBXGroup;
			children = (
				BD17A0A229DD63ED0052668D /* Assets.xcassets */,
			);
			path = Resources;
			sourceTree = "<group>";
		};
		F0CC0F412C4A4D36009C0707 /* Main */ = {
			isa = PBXGroup;
			children = (
				BD11260C29DFE88100B1FBFA /* InitialTabScreen.swift */,
			);
			path = Main;
			sourceTree = "<group>";
		};
		F0E53D4B2C53A7D700D20AAC /* Supporting Files */ = {
			isa = PBXGroup;
			children = (
				F0CC0F402C4A4C38009C0707 /* Resources */,
				BDAD60B42A160E950098C5F7 /* Extensions */,
				BD11260029DDA4F100B1FBFA /* Configuration */,
			);
			path = "Supporting Files";
			sourceTree = "<group>";
		};
/* End PBXGroup section */

/* Begin PBXNativeTarget section */
		BD17A09A29DD63EB0052668D /* MyFinance-I */ = {
			isa = PBXNativeTarget;
			buildConfigurationList = BD17A0A929DD63ED0052668D /* Build configuration list for PBXNativeTarget "MyFinance-I" */;
			buildPhases = (
				BD17A09729DD63EB0052668D /* Sources */,
				BD17A09829DD63EB0052668D /* Frameworks */,
				BD17A09929DD63EB0052668D /* Resources */,
			);
			buildRules = (
			);
			dependencies = (
			);
			name = "MyFinance-I";
			packageProductDependencies = (
				BD17A0AD29DD67DC0052668D /* Realm */,
				BD17A0AF29DD67DC0052668D /* RealmSwift */,
			);
			productName = "MyFinance-I";
			productReference = BD17A09B29DD63EB0052668D /* MyFinance-I.app */;
			productType = "com.apple.product-type.application";
		};
/* End PBXNativeTarget section */

/* Begin PBXProject section */
		BD17A09329DD63EB0052668D /* Project object */ = {
			isa = PBXProject;
			attributes = {
				BuildIndependentTargetsInParallel = 1;
				LastSwiftUpdateCheck = 1420;
				LastUpgradeCheck = 1420;
				TargetAttributes = {
					BD17A09A29DD63EB0052668D = {
						CreatedOnToolsVersion = 14.2;
					};
				};
			};
			buildConfigurationList = BD17A09629DD63EB0052668D /* Build configuration list for PBXProject "MyFinance-I" */;
			compatibilityVersion = "Xcode 14.0";
			developmentRegion = en;
			hasScannedForEncodings = 0;
			knownRegions = (
				en,
				Base,
			);
			mainGroup = BD17A09229DD63EB0052668D;
			packageReferences = (
				BD17A0AC29DD67DC0052668D /* XCRemoteSwiftPackageReference "realm-swift" */,
			);
			productRefGroup = BD17A09C29DD63EB0052668D /* Products */;
			projectDirPath = "";
			projectRoot = "";
			targets = (
				BD17A09A29DD63EB0052668D /* MyFinance-I */,
			);
		};
/* End PBXProject section */

/* Begin PBXResourcesBuildPhase section */
		BD17A09929DD63EB0052668D /* Resources */ = {
			isa = PBXResourcesBuildPhase;
			buildActionMask = 2147483647;
			files = (
				BD17A0A329DD63ED0052668D /* Assets.xcassets in Resources */,
			);
			runOnlyForDeploymentPostprocessing = 0;
		};
/* End PBXResourcesBuildPhase section */

/* Begin PBXSourcesBuildPhase section */
		BD17A09729DD63EB0052668D /* Sources */ = {
			isa = PBXSourcesBuildPhase;
			buildActionMask = 2147483647;
			files = (
				F02CF62D2C0DA42A00BE538B /* Object+Ext.swift in Sources */,
				BDF5C27E29E5740E007DED13 /* SettingExpenseScreen.swift in Sources */,
				F0E53D4D2C53B2F600D20AAC /* Double+Ext.swift in Sources */,
				F0E53D6A2C5CFA8700D20AAC /* String+Ext.swift in Sources */,
				BD665CF62A02668600497E40 /* ProductsListScreen.swift in Sources */,
				BDF5C27B29E15EFB007DED13 /* TextFieldWithAutoCompleteSuggestion.swift in Sources */,
				F0E53D4F2C53B97700D20AAC /* UserDefaults+Ext.swift in Sources */,
				BDAD60B12A160A140098C5F7 /* CustomNavigationLink.swift in Sources */,
				F0CC0F452C4A7890009C0707 /* MFUnit.swift in Sources */,
				F07EA8FB2C0DDFD20057BDDB /* MFBudgetItemEditorScreen.swift in Sources */,
				F02A72112C3FF69F00257F2E /* MFBudgetItemDTO.swift in Sources */,
				F07EA9032C10923D0057BDDB /* View+Ext.swift in Sources */,
				BDF79F3129EF38B1009B7D1D /* CreditManager.swift in Sources */,
				BD17A0B229DD6AD90052668D /* Expense.swift in Sources */,
				BDF5C28629E6B47D007DED13 /* ExpenseByCategoryManager.swift in Sources */,
				F02A720D2C3FF64200257F2E /* Saving.swift in Sources */,
				BDAD60AD2A138B880098C5F7 /* GenericEditor.swift in Sources */,
				BDAD60A92A0E57F50098C5F7 /* SavingsScreen.swift in Sources */,
				BDAD60BE2A1794380098C5F7 /* AssetsScreen.swift in Sources */,
				F02A72082C3FF50900257F2E /* MFExpense.swift in Sources */,
				BDAD60BB2A178B3A0098C5F7 /* ScreenCostOfThingsIn30Years.swift in Sources */,
				BD73596129F1574C00766F9A /* DebtListItemView.swift in Sources */,
				BDF5C28029E6B211007DED13 /* MoreScreen.swift in Sources */,
				BDF79F2429E823F9009B7D1D /* ExpensesChartScreen.swift in Sources */,
				F02CF6292C0D961700BE538B /* MFToolbar.swift in Sources */,
				BDAD60A62A0E57CC0098C5F7 /* SavingsManager.swift in Sources */,
				BD11260829DED33E00B1FBFA /* EditorExpenseScreen.swift in Sources */,
				BDC8AE7229EF81370076C571 /* EditorCreditScreen.swift in Sources */,
				F0E53D6C2C5D09DC00D20AAC /* UIApplication.swift in Sources */,
				F0E53D662C5CF5A800D20AAC /* Array+Ext.swift in Sources */,
				BDAD60A42A0BED360098C5F7 /* InflationManager.swift in Sources */,
				F0CC0F432C4A66C3009C0707 /* MFIncomeDTO.swift in Sources */,
				F02A72162C4136EE00257F2E /* MFIncomeViewModel.swift in Sources */,
				BDF79F2929EABDE0009B7D1D /* ExpenseChartManager.swift in Sources */,
				BD11260629DDC9FE00B1FBFA /* MFExpenseViewModel.swift in Sources */,
				F064BF5B2C0D8A3A00136B8D /* MFBudgetsListViewModel.swift in Sources */,
				BDAD60B32A160E8E0098C5F7 /* ExportManager.swift in Sources */,
				F064BF622C0D8E9800136B8D /* MFFloatingButton.swift in Sources */,
				BD11260D29DFE88200B1FBFA /* InitialTabScreen.swift in Sources */,
				BD11260A29DEF7F500B1FBFA /* Extensions.swift in Sources */,
				F02A72142C4136C600257F2E /* MFIncomeView.swift in Sources */,
				F0E53D682C5CFA6900D20AAC /* Date+Ext.swift in Sources */,
				F0E53D642C5CF08C00D20AAC /* Realm+Ext.swift in Sources */,
				BD17A0A129DD63EB0052668D /* MFExpenseScreen.swift in Sources */,
				BD73596329F157BD00766F9A /* EditorDebtScreen.swift in Sources */,
				BD665CF92A026C4600497E40 /* InflationScreen.swift in Sources */,
				F07EA9072C10980F0057BDDB /* MyComponents.swift in Sources */,
				BDF5C28429E6B345007DED13 /* ExpensesByCategoryScreen.swift in Sources */,
				BDAD60B92A178B020098C5F7 /* ManagerCostOfThingsIn30Years.swift in Sources */,
				BDF79F2D29EF3848009B7D1D /* DebtManager.swift in Sources */,
				BDAD60B62A161D6E0098C5F7 /* ImportManager.swift in Sources */,
				F07EA8FD2C10886F0057BDDB /* MFBudgetListHeaderItem.swift in Sources */,
				BD73595F29F1552C00766F9A /* Debt.swift in Sources */,
				BDF79F2F29EF387D009B7D1D /* ListCreditScreen.swift in Sources */,
				F064BF5E2C0D8AA100136B8D /* MoreSettingsScreen.swift in Sources */,
				BDAD60AB2A0E616A0098C5F7 /* SavingsEditor.swift in Sources */,
				BDC8AE6E29EF54710076C571 /* Credit.swift in Sources */,
				F07EA8F92C0DD3B10057BDDB /* MFBudgetViewModel.swift in Sources */,
				F0B80C5B2C0DCF7200C8D98E /* MFBudgetScreen.swift in Sources */,
				F064BF592C0D8A2B00136B8D /* MFBudgetsListScreen.swift in Sources */,
				F07EA9052C1097EA0057BDDB /* MFButton.swift in Sources */,
				F02A720F2C3FF67A00257F2E /* MFBudgetDTO.swift in Sources */,
				BDF79F2229E7F9A9009B7D1D /* BarChart.swift in Sources */,
				BD11260229DDC6CB00B1FBFA /* ExpenseListItemView.swift in Sources */,
				BDC8AE7029EF5EEB0076C571 /* CreditListItemView.swift in Sources */,
				BDF79F2B29EF3814009B7D1D /* ListDebtScreen.swift in Sources */,
				BD17A09F29DD63EB0052668D /* MyFinance_IApp.swift in Sources */,
				BDAD60AF2A139E6C0098C5F7 /* SavingItemView.swift in Sources */,
			);
			runOnlyForDeploymentPostprocessing = 0;
		};
/* End PBXSourcesBuildPhase section */

/* Begin XCBuildConfiguration section */
		BD17A0A729DD63ED0052668D /* Debug */ = {
			isa = XCBuildConfiguration;
			buildSettings = {
				ALWAYS_SEARCH_USER_PATHS = NO;
				CLANG_ANALYZER_NONNULL = YES;
				CLANG_ANALYZER_NUMBER_OBJECT_CONVERSION = YES_AGGRESSIVE;
				CLANG_CXX_LANGUAGE_STANDARD = "gnu++20";
				CLANG_ENABLE_MODULES = YES;
				CLANG_ENABLE_OBJC_ARC = YES;
				CLANG_ENABLE_OBJC_WEAK = YES;
				CLANG_WARN_BLOCK_CAPTURE_AUTORELEASING = YES;
				CLANG_WARN_BOOL_CONVERSION = YES;
				CLANG_WARN_COMMA = YES;
				CLANG_WARN_CONSTANT_CONVERSION = YES;
				CLANG_WARN_DEPRECATED_OBJC_IMPLEMENTATIONS = YES;
				CLANG_WARN_DIRECT_OBJC_ISA_USAGE = YES_ERROR;
				CLANG_WARN_DOCUMENTATION_COMMENTS = YES;
				CLANG_WARN_EMPTY_BODY = YES;
				CLANG_WARN_ENUM_CONVERSION = YES;
				CLANG_WARN_INFINITE_RECURSION = YES;
				CLANG_WARN_INT_CONVERSION = YES;
				CLANG_WARN_NON_LITERAL_NULL_CONVERSION = YES;
				CLANG_WARN_OBJC_IMPLICIT_RETAIN_SELF = YES;
				CLANG_WARN_OBJC_LITERAL_CONVERSION = YES;
				CLANG_WARN_OBJC_ROOT_CLASS = YES_ERROR;
				CLANG_WARN_QUOTED_INCLUDE_IN_FRAMEWORK_HEADER = YES;
				CLANG_WARN_RANGE_LOOP_ANALYSIS = YES;
				CLANG_WARN_STRICT_PROTOTYPES = YES;
				CLANG_WARN_SUSPICIOUS_MOVE = YES;
				CLANG_WARN_UNGUARDED_AVAILABILITY = YES_AGGRESSIVE;
				CLANG_WARN_UNREACHABLE_CODE = YES;
				CLANG_WARN__DUPLICATE_METHOD_MATCH = YES;
				COPY_PHASE_STRIP = NO;
				DEBUG_INFORMATION_FORMAT = dwarf;
				ENABLE_STRICT_OBJC_MSGSEND = YES;
				ENABLE_TESTABILITY = YES;
				GCC_C_LANGUAGE_STANDARD = gnu11;
				GCC_DYNAMIC_NO_PIC = NO;
				GCC_NO_COMMON_BLOCKS = YES;
				GCC_OPTIMIZATION_LEVEL = 0;
				GCC_PREPROCESSOR_DEFINITIONS = (
					"DEBUG=1",
					"$(inherited)",
				);
				GCC_WARN_64_TO_32_BIT_CONVERSION = YES;
				GCC_WARN_ABOUT_RETURN_TYPE = YES_ERROR;
				GCC_WARN_UNDECLARED_SELECTOR = YES;
				GCC_WARN_UNINITIALIZED_AUTOS = YES_AGGRESSIVE;
				GCC_WARN_UNUSED_FUNCTION = YES;
				GCC_WARN_UNUSED_VARIABLE = YES;
				IPHONEOS_DEPLOYMENT_TARGET = 16.2;
				MTL_ENABLE_DEBUG_INFO = INCLUDE_SOURCE;
				MTL_FAST_MATH = YES;
				ONLY_ACTIVE_ARCH = YES;
				SDKROOT = iphoneos;
				SWIFT_ACTIVE_COMPILATION_CONDITIONS = DEBUG;
				SWIFT_OPTIMIZATION_LEVEL = "-Onone";
			};
			name = Debug;
		};
		BD17A0A829DD63ED0052668D /* Release */ = {
			isa = XCBuildConfiguration;
			buildSettings = {
				ALWAYS_SEARCH_USER_PATHS = NO;
				CLANG_ANALYZER_NONNULL = YES;
				CLANG_ANALYZER_NUMBER_OBJECT_CONVERSION = YES_AGGRESSIVE;
				CLANG_CXX_LANGUAGE_STANDARD = "gnu++20";
				CLANG_ENABLE_MODULES = YES;
				CLANG_ENABLE_OBJC_ARC = YES;
				CLANG_ENABLE_OBJC_WEAK = YES;
				CLANG_WARN_BLOCK_CAPTURE_AUTORELEASING = YES;
				CLANG_WARN_BOOL_CONVERSION = YES;
				CLANG_WARN_COMMA = YES;
				CLANG_WARN_CONSTANT_CONVERSION = YES;
				CLANG_WARN_DEPRECATED_OBJC_IMPLEMENTATIONS = YES;
				CLANG_WARN_DIRECT_OBJC_ISA_USAGE = YES_ERROR;
				CLANG_WARN_DOCUMENTATION_COMMENTS = YES;
				CLANG_WARN_EMPTY_BODY = YES;
				CLANG_WARN_ENUM_CONVERSION = YES;
				CLANG_WARN_INFINITE_RECURSION = YES;
				CLANG_WARN_INT_CONVERSION = YES;
				CLANG_WARN_NON_LITERAL_NULL_CONVERSION = YES;
				CLANG_WARN_OBJC_IMPLICIT_RETAIN_SELF = YES;
				CLANG_WARN_OBJC_LITERAL_CONVERSION = YES;
				CLANG_WARN_OBJC_ROOT_CLASS = YES_ERROR;
				CLANG_WARN_QUOTED_INCLUDE_IN_FRAMEWORK_HEADER = YES;
				CLANG_WARN_RANGE_LOOP_ANALYSIS = YES;
				CLANG_WARN_STRICT_PROTOTYPES = YES;
				CLANG_WARN_SUSPICIOUS_MOVE = YES;
				CLANG_WARN_UNGUARDED_AVAILABILITY = YES_AGGRESSIVE;
				CLANG_WARN_UNREACHABLE_CODE = YES;
				CLANG_WARN__DUPLICATE_METHOD_MATCH = YES;
				COPY_PHASE_STRIP = NO;
				DEBUG_INFORMATION_FORMAT = "dwarf-with-dsym";
				ENABLE_NS_ASSERTIONS = NO;
				ENABLE_STRICT_OBJC_MSGSEND = YES;
				GCC_C_LANGUAGE_STANDARD = gnu11;
				GCC_NO_COMMON_BLOCKS = YES;
				GCC_WARN_64_TO_32_BIT_CONVERSION = YES;
				GCC_WARN_ABOUT_RETURN_TYPE = YES_ERROR;
				GCC_WARN_UNDECLARED_SELECTOR = YES;
				GCC_WARN_UNINITIALIZED_AUTOS = YES_AGGRESSIVE;
				GCC_WARN_UNUSED_FUNCTION = YES;
				GCC_WARN_UNUSED_VARIABLE = YES;
				IPHONEOS_DEPLOYMENT_TARGET = 16.2;
				MTL_ENABLE_DEBUG_INFO = NO;
				MTL_FAST_MATH = YES;
				SDKROOT = iphoneos;
				SWIFT_COMPILATION_MODE = wholemodule;
				SWIFT_OPTIMIZATION_LEVEL = "-O";
				VALIDATE_PRODUCT = YES;
			};
			name = Release;
		};
		BD17A0AA29DD63ED0052668D /* Debug */ = {
			isa = XCBuildConfiguration;
			buildSettings = {
				ASSETCATALOG_COMPILER_APPICON_NAME = AppIcon;
				ASSETCATALOG_COMPILER_GLOBAL_ACCENT_COLOR_NAME = AccentColor;
				CODE_SIGN_STYLE = Automatic;
				CURRENT_PROJECT_VERSION = 1;
				DEVELOPMENT_ASSET_PATHS = "\"MyFinance-I/Preview Content\"";
				DEVELOPMENT_TEAM = VPJ4257952;
				ENABLE_PREVIEWS = YES;
				GENERATE_INFOPLIST_FILE = YES;
				INFOPLIST_FILE = "MyFinance-I/Info.plist";
				INFOPLIST_KEY_CFBundleDisplayName = MyFinance;
				INFOPLIST_KEY_UIApplicationSceneManifest_Generation = YES;
				INFOPLIST_KEY_UIApplicationSupportsIndirectInputEvents = YES;
				INFOPLIST_KEY_UILaunchScreen_Generation = YES;
				INFOPLIST_KEY_UISupportedInterfaceOrientations_iPad = "UIInterfaceOrientationPortrait UIInterfaceOrientationPortraitUpsideDown UIInterfaceOrientationLandscapeLeft UIInterfaceOrientationLandscapeRight";
				INFOPLIST_KEY_UISupportedInterfaceOrientations_iPhone = "UIInterfaceOrientationPortrait UIInterfaceOrientationLandscapeLeft UIInterfaceOrientationLandscapeRight";
				LD_RUNPATH_SEARCH_PATHS = (
					"$(inherited)",
					"@executable_path/Frameworks",
				);
				MARKETING_VERSION = 1.0;
				PRODUCT_BUNDLE_IDENTIFIER = "com.jamoliddinovabdu.MyFinance-I";
				PRODUCT_NAME = "$(TARGET_NAME)";
				SWIFT_EMIT_LOC_STRINGS = YES;
				SWIFT_VERSION = 5.0;
				TARGETED_DEVICE_FAMILY = "1,2";
			};
			name = Debug;
		};
		BD17A0AB29DD63ED0052668D /* Release */ = {
			isa = XCBuildConfiguration;
			buildSettings = {
				ASSETCATALOG_COMPILER_APPICON_NAME = AppIcon;
				ASSETCATALOG_COMPILER_GLOBAL_ACCENT_COLOR_NAME = AccentColor;
				CODE_SIGN_STYLE = Automatic;
				CURRENT_PROJECT_VERSION = 1;
				DEVELOPMENT_ASSET_PATHS = "\"MyFinance-I/Preview Content\"";
				DEVELOPMENT_TEAM = VPJ4257952;
				ENABLE_PREVIEWS = YES;
				GENERATE_INFOPLIST_FILE = YES;
				INFOPLIST_FILE = "MyFinance-I/Info.plist";
				INFOPLIST_KEY_CFBundleDisplayName = MyFinance;
				INFOPLIST_KEY_UIApplicationSceneManifest_Generation = YES;
				INFOPLIST_KEY_UIApplicationSupportsIndirectInputEvents = YES;
				INFOPLIST_KEY_UILaunchScreen_Generation = YES;
				INFOPLIST_KEY_UISupportedInterfaceOrientations_iPad = "UIInterfaceOrientationPortrait UIInterfaceOrientationPortraitUpsideDown UIInterfaceOrientationLandscapeLeft UIInterfaceOrientationLandscapeRight";
				INFOPLIST_KEY_UISupportedInterfaceOrientations_iPhone = "UIInterfaceOrientationPortrait UIInterfaceOrientationLandscapeLeft UIInterfaceOrientationLandscapeRight";
				LD_RUNPATH_SEARCH_PATHS = (
					"$(inherited)",
					"@executable_path/Frameworks",
				);
				MARKETING_VERSION = 1.0;
				PRODUCT_BUNDLE_IDENTIFIER = "com.jamoliddinovabdu.MyFinance-I";
				PRODUCT_NAME = "$(TARGET_NAME)";
				SWIFT_EMIT_LOC_STRINGS = YES;
				SWIFT_VERSION = 5.0;
				TARGETED_DEVICE_FAMILY = "1,2";
			};
			name = Release;
		};
/* End XCBuildConfiguration section */

/* Begin XCConfigurationList section */
		BD17A09629DD63EB0052668D /* Build configuration list for PBXProject "MyFinance-I" */ = {
			isa = XCConfigurationList;
			buildConfigurations = (
				BD17A0A729DD63ED0052668D /* Debug */,
				BD17A0A829DD63ED0052668D /* Release */,
			);
			defaultConfigurationIsVisible = 0;
			defaultConfigurationName = Release;
		};
		BD17A0A929DD63ED0052668D /* Build configuration list for PBXNativeTarget "MyFinance-I" */ = {
			isa = XCConfigurationList;
			buildConfigurations = (
				BD17A0AA29DD63ED0052668D /* Debug */,
				BD17A0AB29DD63ED0052668D /* Release */,
			);
			defaultConfigurationIsVisible = 0;
			defaultConfigurationName = Release;
		};
/* End XCConfigurationList section */

/* Begin XCRemoteSwiftPackageReference section */
		BD17A0AC29DD67DC0052668D /* XCRemoteSwiftPackageReference "realm-swift" */ = {
			isa = XCRemoteSwiftPackageReference;
			repositoryURL = "https://github.com/realm/realm-swift.git";
			requirement = {
				branch = master;
				kind = branch;
			};
		};
/* End XCRemoteSwiftPackageReference section */

/* Begin XCSwiftPackageProductDependency section */
		BD17A0AD29DD67DC0052668D /* Realm */ = {
			isa = XCSwiftPackageProductDependency;
			package = BD17A0AC29DD67DC0052668D /* XCRemoteSwiftPackageReference "realm-swift" */;
			productName = Realm;
		};
		BD17A0AF29DD67DC0052668D /* RealmSwift */ = {
			isa = XCSwiftPackageProductDependency;
			package = BD17A0AC29DD67DC0052668D /* XCRemoteSwiftPackageReference "realm-swift" */;
			productName = RealmSwift;
		};
/* End XCSwiftPackageProductDependency section */
	};
	rootObject = BD17A09329DD63EB0052668D /* Project object */;
}
