// !$*UTF8*$!
{
	archiveVersion = 1;
	classes = {
	};
	objectVersion = 56;
	objects = {

/* Begin PBXBuildFile section */
		BD11260229DDC6CB00B1FBFA /* ExpenseListItemView.swift in Sources */ = {isa = PBXBuildFile; fileRef = BD11260129DDC6CB00B1FBFA /* ExpenseListItemView.swift */; };
		BD11260429DDC7D500B1FBFA /* ExpenseListView.swift in Sources */ = {isa = PBXBuildFile; fileRef = BD11260329DDC7D500B1FBFA /* ExpenseListView.swift */; };
		BD11260629DDC9FE00B1FBFA /* ExpenseViewModel.swift in Sources */ = {isa = PBXBuildFile; fileRef = BD11260529DDC9FE00B1FBFA /* ExpenseViewModel.swift */; };
		BD11260829DED33E00B1FBFA /* ExpenseEditorView.swift in Sources */ = {isa = PBXBuildFile; fileRef = BD11260729DED33D00B1FBFA /* ExpenseEditorView.swift */; };
		BD11260A29DEF7F500B1FBFA /* Extensions.swift in Sources */ = {isa = PBXBuildFile; fileRef = BD11260929DEF7F500B1FBFA /* Extensions.swift */; };
		BD11260D29DFE88200B1FBFA /* HomeTabView.swift in Sources */ = {isa = PBXBuildFile; fileRef = BD11260C29DFE88100B1FBFA /* HomeTabView.swift */; };
		BD11260F29E014FC00B1FBFA /* OldExpense.swift in Sources */ = {isa = PBXBuildFile; fileRef = BD11260E29E014FC00B1FBFA /* OldExpense.swift */; };
		BD17A09F29DD63EB0052668D /* MyFinance_IApp.swift in Sources */ = {isa = PBXBuildFile; fileRef = BD17A09E29DD63EB0052668D /* MyFinance_IApp.swift */; };
		BD17A0A129DD63EB0052668D /* ExpenseScreen.swift in Sources */ = {isa = PBXBuildFile; fileRef = BD17A0A029DD63EB0052668D /* ExpenseScreen.swift */; };
		BD17A0A329DD63ED0052668D /* Assets.xcassets in Resources */ = {isa = PBXBuildFile; fileRef = BD17A0A229DD63ED0052668D /* Assets.xcassets */; };
		BD17A0A629DD63ED0052668D /* Preview Assets.xcassets in Resources */ = {isa = PBXBuildFile; fileRef = BD17A0A529DD63ED0052668D /* Preview Assets.xcassets */; };
		BD17A0AE29DD67DC0052668D /* Realm in Frameworks */ = {isa = PBXBuildFile; productRef = BD17A0AD29DD67DC0052668D /* Realm */; };
		BD17A0B029DD67DC0052668D /* RealmSwift in Frameworks */ = {isa = PBXBuildFile; productRef = BD17A0AF29DD67DC0052668D /* RealmSwift */; };
		BD17A0B229DD6AD90052668D /* Expense.swift in Sources */ = {isa = PBXBuildFile; fileRef = BD17A0B129DD6AD90052668D /* Expense.swift */; };
		BDF5C27B29E15EFB007DED13 /* TextFieldWithAutoCompleteSuggestion.swift in Sources */ = {isa = PBXBuildFile; fileRef = BDF5C27A29E15EFB007DED13 /* TextFieldWithAutoCompleteSuggestion.swift */; };
/* End PBXBuildFile section */

/* Begin PBXFileReference section */
		BD11260129DDC6CB00B1FBFA /* ExpenseListItemView.swift */ = {isa = PBXFileReference; lastKnownFileType = sourcecode.swift; path = ExpenseListItemView.swift; sourceTree = "<group>"; };
		BD11260329DDC7D500B1FBFA /* ExpenseListView.swift */ = {isa = PBXFileReference; lastKnownFileType = sourcecode.swift; path = ExpenseListView.swift; sourceTree = "<group>"; };
		BD11260529DDC9FE00B1FBFA /* ExpenseViewModel.swift */ = {isa = PBXFileReference; lastKnownFileType = sourcecode.swift; path = ExpenseViewModel.swift; sourceTree = "<group>"; };
		BD11260729DED33D00B1FBFA /* ExpenseEditorView.swift */ = {isa = PBXFileReference; lastKnownFileType = sourcecode.swift; path = ExpenseEditorView.swift; sourceTree = "<group>"; };
		BD11260929DEF7F500B1FBFA /* Extensions.swift */ = {isa = PBXFileReference; lastKnownFileType = sourcecode.swift; path = Extensions.swift; sourceTree = "<group>"; };
		BD11260C29DFE88100B1FBFA /* HomeTabView.swift */ = {isa = PBXFileReference; lastKnownFileType = sourcecode.swift; path = HomeTabView.swift; sourceTree = "<group>"; };
		BD11260E29E014FC00B1FBFA /* OldExpense.swift */ = {isa = PBXFileReference; lastKnownFileType = sourcecode.swift; path = OldExpense.swift; sourceTree = "<group>"; };
		BD17A09B29DD63EB0052668D /* MyFinance-I.app */ = {isa = PBXFileReference; explicitFileType = wrapper.application; includeInIndex = 0; path = "MyFinance-I.app"; sourceTree = BUILT_PRODUCTS_DIR; };
		BD17A09E29DD63EB0052668D /* MyFinance_IApp.swift */ = {isa = PBXFileReference; lastKnownFileType = sourcecode.swift; path = MyFinance_IApp.swift; sourceTree = "<group>"; };
		BD17A0A029DD63EB0052668D /* ExpenseScreen.swift */ = {isa = PBXFileReference; lastKnownFileType = sourcecode.swift; path = ExpenseScreen.swift; sourceTree = "<group>"; };
		BD17A0A229DD63ED0052668D /* Assets.xcassets */ = {isa = PBXFileReference; lastKnownFileType = folder.assetcatalog; path = Assets.xcassets; sourceTree = "<group>"; };
		BD17A0A529DD63ED0052668D /* Preview Assets.xcassets */ = {isa = PBXFileReference; lastKnownFileType = folder.assetcatalog; path = "Preview Assets.xcassets"; sourceTree = "<group>"; };
		BD17A0B129DD6AD90052668D /* Expense.swift */ = {isa = PBXFileReference; lastKnownFileType = sourcecode.swift; path = Expense.swift; sourceTree = "<group>"; };
		BDF5C27A29E15EFB007DED13 /* TextFieldWithAutoCompleteSuggestion.swift */ = {isa = PBXFileReference; lastKnownFileType = sourcecode.swift; path = TextFieldWithAutoCompleteSuggestion.swift; sourceTree = "<group>"; };
/* End PBXFileReference section */

/* Begin PBXFrameworksBuildPhase section */
		BD17A09829DD63EB0052668D /* Frameworks */ = {
			isa = PBXFrameworksBuildPhase;
			buildActionMask = 2147483647;
			files = (
				BD17A0B029DD67DC0052668D /* RealmSwift in Frameworks */,
				BD17A0AE29DD67DC0052668D /* Realm in Frameworks */,
			);
			runOnlyForDeploymentPostprocessing = 0;
		};
/* End PBXFrameworksBuildPhase section */

/* Begin PBXGroup section */
		BD11260029DDA4F100B1FBFA /* Supporting Files */ = {
			isa = PBXGroup;
			children = (
				BD11260929DEF7F500B1FBFA /* Extensions.swift */,
				BD17A09E29DD63EB0052668D /* MyFinance_IApp.swift */,
				BD17A0A229DD63ED0052668D /* Assets.xcassets */,
			);
			path = "Supporting Files";
			sourceTree = "<group>";
		};
		BD11260B29DEFA3900B1FBFA /* Views */ = {
			isa = PBXGroup;
			children = (
				BD11260C29DFE88100B1FBFA /* HomeTabView.swift */,
				BD11260729DED33D00B1FBFA /* ExpenseEditorView.swift */,
				BD11260329DDC7D500B1FBFA /* ExpenseListView.swift */,
				BDF5C27A29E15EFB007DED13 /* TextFieldWithAutoCompleteSuggestion.swift */,
				BD11260129DDC6CB00B1FBFA /* ExpenseListItemView.swift */,
			);
			path = Views;
			sourceTree = "<group>";
		};
		BD11261029E0157100B1FBFA /* Models */ = {
			isa = PBXGroup;
			children = (
				BD11260E29E014FC00B1FBFA /* OldExpense.swift */,
				BD17A0B129DD6AD90052668D /* Expense.swift */,
			);
			path = Models;
			sourceTree = "<group>";
		};
		BD17A09229DD63EB0052668D = {
			isa = PBXGroup;
			children = (
				BD17A09D29DD63EB0052668D /* MyFinance-I */,
				BD17A09C29DD63EB0052668D /* Products */,
			);
			sourceTree = "<group>";
		};
		BD17A09C29DD63EB0052668D /* Products */ = {
			isa = PBXGroup;
			children = (
				BD17A09B29DD63EB0052668D /* MyFinance-I.app */,
			);
			name = Products;
			sourceTree = "<group>";
		};
		BD17A09D29DD63EB0052668D /* MyFinance-I */ = {
			isa = PBXGroup;
			children = (
				BD17A0A029DD63EB0052668D /* ExpenseScreen.swift */,
				BD11260529DDC9FE00B1FBFA /* ExpenseViewModel.swift */,
				BD11261029E0157100B1FBFA /* Models */,
				BD11260B29DEFA3900B1FBFA /* Views */,
				BD11260029DDA4F100B1FBFA /* Supporting Files */,
				BD17A0A429DD63ED0052668D /* Preview Content */,
			);
			path = "MyFinance-I";
			sourceTree = "<group>";
		};
		BD17A0A429DD63ED0052668D /* Preview Content */ = {
			isa = PBXGroup;
			children = (
				BD17A0A529DD63ED0052668D /* Preview Assets.xcassets */,
			);
			path = "Preview Content";
			sourceTree = "<group>";
		};
/* End PBXGroup section */

/* Begin PBXNativeTarget section */
		BD17A09A29DD63EB0052668D /* MyFinance-I */ = {
			isa = PBXNativeTarget;
			buildConfigurationList = BD17A0A929DD63ED0052668D /* Build configuration list for PBXNativeTarget "MyFinance-I" */;
			buildPhases = (
				BD17A09729DD63EB0052668D /* Sources */,
				BD17A09829DD63EB0052668D /* Frameworks */,
				BD17A09929DD63EB0052668D /* Resources */,
			);
			buildRules = (
			);
			dependencies = (
			);
			name = "MyFinance-I";
			packageProductDependencies = (
				BD17A0AD29DD67DC0052668D /* Realm */,
				BD17A0AF29DD67DC0052668D /* RealmSwift */,
			);
			productName = "MyFinance-I";
			productReference = BD17A09B29DD63EB0052668D /* MyFinance-I.app */;
			productType = "com.apple.product-type.application";
		};
/* End PBXNativeTarget section */

/* Begin PBXProject section */
		BD17A09329DD63EB0052668D /* Project object */ = {
			isa = PBXProject;
			attributes = {
				BuildIndependentTargetsInParallel = 1;
				LastSwiftUpdateCheck = 1420;
				LastUpgradeCheck = 1420;
				TargetAttributes = {
					BD17A09A29DD63EB0052668D = {
						CreatedOnToolsVersion = 14.2;
					};
				};
			};
			buildConfigurationList = BD17A09629DD63EB0052668D /* Build configuration list for PBXProject "MyFinance-I" */;
			compatibilityVersion = "Xcode 14.0";
			developmentRegion = en;
			hasScannedForEncodings = 0;
			knownRegions = (
				en,
				Base,
			);
			mainGroup = BD17A09229DD63EB0052668D;
			packageReferences = (
				BD17A0AC29DD67DC0052668D /* XCRemoteSwiftPackageReference "realm-swift" */,
			);
			productRefGroup = BD17A09C29DD63EB0052668D /* Products */;
			projectDirPath = "";
			projectRoot = "";
			targets = (
				BD17A09A29DD63EB0052668D /* MyFinance-I */,
			);
		};
/* End PBXProject section */

/* Begin PBXResourcesBuildPhase section */
		BD17A09929DD63EB0052668D /* Resources */ = {
			isa = PBXResourcesBuildPhase;
			buildActionMask = 2147483647;
			files = (
				BD17A0A629DD63ED0052668D /* Preview Assets.xcassets in Resources */,
				BD17A0A329DD63ED0052668D /* Assets.xcassets in Resources */,
			);
			runOnlyForDeploymentPostprocessing = 0;
		};
/* End PBXResourcesBuildPhase section */

/* Begin PBXSourcesBuildPhase section */
		BD17A09729DD63EB0052668D /* Sources */ = {
			isa = PBXSourcesBuildPhase;
			buildActionMask = 2147483647;
			files = (
				BDF5C27B29E15EFB007DED13 /* TextFieldWithAutoCompleteSuggestion.swift in Sources */,
				BD17A0B229DD6AD90052668D /* Expense.swift in Sources */,
				BD11260829DED33E00B1FBFA /* ExpenseEditorView.swift in Sources */,
				BD11260629DDC9FE00B1FBFA /* ExpenseViewModel.swift in Sources */,
				BD11260D29DFE88200B1FBFA /* HomeTabView.swift in Sources */,
				BD11260A29DEF7F500B1FBFA /* Extensions.swift in Sources */,
				BD17A0A129DD63EB0052668D /* ExpenseScreen.swift in Sources */,
				BD11260429DDC7D500B1FBFA /* ExpenseListView.swift in Sources */,
				BD11260229DDC6CB00B1FBFA /* ExpenseListItemView.swift in Sources */,
				BD11260F29E014FC00B1FBFA /* OldExpense.swift in Sources */,
				BD17A09F29DD63EB0052668D /* MyFinance_IApp.swift in Sources */,
			);
			runOnlyForDeploymentPostprocessing = 0;
		};
/* End PBXSourcesBuildPhase section */

/* Begin XCBuildConfiguration section */
		BD17A0A729DD63ED0052668D /* Debug */ = {
			isa = XCBuildConfiguration;
			buildSettings = {
				ALWAYS_SEARCH_USER_PATHS = NO;
				CLANG_ANALYZER_NONNULL = YES;
				CLANG_ANALYZER_NUMBER_OBJECT_CONVERSION = YES_AGGRESSIVE;
				CLANG_CXX_LANGUAGE_STANDARD = "gnu++20";
				CLANG_ENABLE_MODULES = YES;
				CLANG_ENABLE_OBJC_ARC = YES;
				CLANG_ENABLE_OBJC_WEAK = YES;
				CLANG_WARN_BLOCK_CAPTURE_AUTORELEASING = YES;
				CLANG_WARN_BOOL_CONVERSION = YES;
				CLANG_WARN_COMMA = YES;
				CLANG_WARN_CONSTANT_CONVERSION = YES;
				CLANG_WARN_DEPRECATED_OBJC_IMPLEMENTATIONS = YES;
				CLANG_WARN_DIRECT_OBJC_ISA_USAGE = YES_ERROR;
				CLANG_WARN_DOCUMENTATION_COMMENTS = YES;
				CLANG_WARN_EMPTY_BODY = YES;
				CLANG_WARN_ENUM_CONVERSION = YES;
				CLANG_WARN_INFINITE_RECURSION = YES;
				CLANG_WARN_INT_CONVERSION = YES;
				CLANG_WARN_NON_LITERAL_NULL_CONVERSION = YES;
				CLANG_WARN_OBJC_IMPLICIT_RETAIN_SELF = YES;
				CLANG_WARN_OBJC_LITERAL_CONVERSION = YES;
				CLANG_WARN_OBJC_ROOT_CLASS = YES_ERROR;
				CLANG_WARN_QUOTED_INCLUDE_IN_FRAMEWORK_HEADER = YES;
				CLANG_WARN_RANGE_LOOP_ANALYSIS = YES;
				CLANG_WARN_STRICT_PROTOTYPES = YES;
				CLANG_WARN_SUSPICIOUS_MOVE = YES;
				CLANG_WARN_UNGUARDED_AVAILABILITY = YES_AGGRESSIVE;
				CLANG_WARN_UNREACHABLE_CODE = YES;
				CLANG_WARN__DUPLICATE_METHOD_MATCH = YES;
				COPY_PHASE_STRIP = NO;
				DEBUG_INFORMATION_FORMAT = dwarf;
				ENABLE_STRICT_OBJC_MSGSEND = YES;
				ENABLE_TESTABILITY = YES;
				GCC_C_LANGUAGE_STANDARD = gnu11;
				GCC_DYNAMIC_NO_PIC = NO;
				GCC_NO_COMMON_BLOCKS = YES;
				GCC_OPTIMIZATION_LEVEL = 0;
				GCC_PREPROCESSOR_DEFINITIONS = (
					"DEBUG=1",
					"$(inherited)",
				);
				GCC_WARN_64_TO_32_BIT_CONVERSION = YES;
				GCC_WARN_ABOUT_RETURN_TYPE = YES_ERROR;
				GCC_WARN_UNDECLARED_SELECTOR = YES;
				GCC_WARN_UNINITIALIZED_AUTOS = YES_AGGRESSIVE;
				GCC_WARN_UNUSED_FUNCTION = YES;
				GCC_WARN_UNUSED_VARIABLE = YES;
				IPHONEOS_DEPLOYMENT_TARGET = 16.2;
				MTL_ENABLE_DEBUG_INFO = INCLUDE_SOURCE;
				MTL_FAST_MATH = YES;
				ONLY_ACTIVE_ARCH = YES;
				SDKROOT = iphoneos;
				SWIFT_ACTIVE_COMPILATION_CONDITIONS = DEBUG;
				SWIFT_OPTIMIZATION_LEVEL = "-Onone";
			};
			name = Debug;
		};
		BD17A0A829DD63ED0052668D /* Release */ = {
			isa = XCBuildConfiguration;
			buildSettings = {
				ALWAYS_SEARCH_USER_PATHS = NO;
				CLANG_ANALYZER_NONNULL = YES;
				CLANG_ANALYZER_NUMBER_OBJECT_CONVERSION = YES_AGGRESSIVE;
				CLANG_CXX_LANGUAGE_STANDARD = "gnu++20";
				CLANG_ENABLE_MODULES = YES;
				CLANG_ENABLE_OBJC_ARC = YES;
				CLANG_ENABLE_OBJC_WEAK = YES;
				CLANG_WARN_BLOCK_CAPTURE_AUTORELEASING = YES;
				CLANG_WARN_BOOL_CONVERSION = YES;
				CLANG_WARN_COMMA = YES;
				CLANG_WARN_CONSTANT_CONVERSION = YES;
				CLANG_WARN_DEPRECATED_OBJC_IMPLEMENTATIONS = YES;
				CLANG_WARN_DIRECT_OBJC_ISA_USAGE = YES_ERROR;
				CLANG_WARN_DOCUMENTATION_COMMENTS = YES;
				CLANG_WARN_EMPTY_BODY = YES;
				CLANG_WARN_ENUM_CONVERSION = YES;
				CLANG_WARN_INFINITE_RECURSION = YES;
				CLANG_WARN_INT_CONVERSION = YES;
				CLANG_WARN_NON_LITERAL_NULL_CONVERSION = YES;
				CLANG_WARN_OBJC_IMPLICIT_RETAIN_SELF = YES;
				CLANG_WARN_OBJC_LITERAL_CONVERSION = YES;
				CLANG_WARN_OBJC_ROOT_CLASS = YES_ERROR;
				CLANG_WARN_QUOTED_INCLUDE_IN_FRAMEWORK_HEADER = YES;
				CLANG_WARN_RANGE_LOOP_ANALYSIS = YES;
				CLANG_WARN_STRICT_PROTOTYPES = YES;
				CLANG_WARN_SUSPICIOUS_MOVE = YES;
				CLANG_WARN_UNGUARDED_AVAILABILITY = YES_AGGRESSIVE;
				CLANG_WARN_UNREACHABLE_CODE = YES;
				CLANG_WARN__DUPLICATE_METHOD_MATCH = YES;
				COPY_PHASE_STRIP = NO;
				DEBUG_INFORMATION_FORMAT = "dwarf-with-dsym";
				ENABLE_NS_ASSERTIONS = NO;
				ENABLE_STRICT_OBJC_MSGSEND = YES;
				GCC_C_LANGUAGE_STANDARD = gnu11;
				GCC_NO_COMMON_BLOCKS = YES;
				GCC_WARN_64_TO_32_BIT_CONVERSION = YES;
				GCC_WARN_ABOUT_RETURN_TYPE = YES_ERROR;
				GCC_WARN_UNDECLARED_SELECTOR = YES;
				GCC_WARN_UNINITIALIZED_AUTOS = YES_AGGRESSIVE;
				GCC_WARN_UNUSED_FUNCTION = YES;
				GCC_WARN_UNUSED_VARIABLE = YES;
				IPHONEOS_DEPLOYMENT_TARGET = 16.2;
				MTL_ENABLE_DEBUG_INFO = NO;
				MTL_FAST_MATH = YES;
				SDKROOT = iphoneos;
				SWIFT_COMPILATION_MODE = wholemodule;
				SWIFT_OPTIMIZATION_LEVEL = "-O";
				VALIDATE_PRODUCT = YES;
			};
			name = Release;
		};
		BD17A0AA29DD63ED0052668D /* Debug */ = {
			isa = XCBuildConfiguration;
			buildSettings = {
				ASSETCATALOG_COMPILER_APPICON_NAME = AppIcon;
				ASSETCATALOG_COMPILER_GLOBAL_ACCENT_COLOR_NAME = AccentColor;
				CODE_SIGN_STYLE = Automatic;
				CURRENT_PROJECT_VERSION = 1;
				DEVELOPMENT_ASSET_PATHS = "\"MyFinance-I/Preview Content\"";
				DEVELOPMENT_TEAM = VPJ4257952;
				ENABLE_PREVIEWS = YES;
				GENERATE_INFOPLIST_FILE = YES;
				INFOPLIST_KEY_UIApplicationSceneManifest_Generation = YES;
				INFOPLIST_KEY_UIApplicationSupportsIndirectInputEvents = YES;
				INFOPLIST_KEY_UILaunchScreen_Generation = YES;
				INFOPLIST_KEY_UISupportedInterfaceOrientations_iPad = "UIInterfaceOrientationPortrait UIInterfaceOrientationPortraitUpsideDown UIInterfaceOrientationLandscapeLeft UIInterfaceOrientationLandscapeRight";
				INFOPLIST_KEY_UISupportedInterfaceOrientations_iPhone = "UIInterfaceOrientationPortrait UIInterfaceOrientationLandscapeLeft UIInterfaceOrientationLandscapeRight";
				LD_RUNPATH_SEARCH_PATHS = (
					"$(inherited)",
					"@executable_path/Frameworks",
				);
				MARKETING_VERSION = 1.0;
				PRODUCT_BUNDLE_IDENTIFIER = "com.jamoliddinovabdu.MyFinance-I";
				PRODUCT_NAME = "$(TARGET_NAME)";
				SWIFT_EMIT_LOC_STRINGS = YES;
				SWIFT_VERSION = 5.0;
				TARGETED_DEVICE_FAMILY = "1,2";
			};
			name = Debug;
		};
		BD17A0AB29DD63ED0052668D /* Release */ = {
			isa = XCBuildConfiguration;
			buildSettings = {
				ASSETCATALOG_COMPILER_APPICON_NAME = AppIcon;
				ASSETCATALOG_COMPILER_GLOBAL_ACCENT_COLOR_NAME = AccentColor;
				CODE_SIGN_STYLE = Automatic;
				CURRENT_PROJECT_VERSION = 1;
				DEVELOPMENT_ASSET_PATHS = "\"MyFinance-I/Preview Content\"";
				DEVELOPMENT_TEAM = VPJ4257952;
				ENABLE_PREVIEWS = YES;
				GENERATE_INFOPLIST_FILE = YES;
				INFOPLIST_KEY_UIApplicationSceneManifest_Generation = YES;
				INFOPLIST_KEY_UIApplicationSupportsIndirectInputEvents = YES;
				INFOPLIST_KEY_UILaunchScreen_Generation = YES;
				INFOPLIST_KEY_UISupportedInterfaceOrientations_iPad = "UIInterfaceOrientationPortrait UIInterfaceOrientationPortraitUpsideDown UIInterfaceOrientationLandscapeLeft UIInterfaceOrientationLandscapeRight";
				INFOPLIST_KEY_UISupportedInterfaceOrientations_iPhone = "UIInterfaceOrientationPortrait UIInterfaceOrientationLandscapeLeft UIInterfaceOrientationLandscapeRight";
				LD_RUNPATH_SEARCH_PATHS = (
					"$(inherited)",
					"@executable_path/Frameworks",
				);
				MARKETING_VERSION = 1.0;
				PRODUCT_BUNDLE_IDENTIFIER = "com.jamoliddinovabdu.MyFinance-I";
				PRODUCT_NAME = "$(TARGET_NAME)";
				SWIFT_EMIT_LOC_STRINGS = YES;
				SWIFT_VERSION = 5.0;
				TARGETED_DEVICE_FAMILY = "1,2";
			};
			name = Release;
		};
/* End XCBuildConfiguration section */

/* Begin XCConfigurationList section */
		BD17A09629DD63EB0052668D /* Build configuration list for PBXProject "MyFinance-I" */ = {
			isa = XCConfigurationList;
			buildConfigurations = (
				BD17A0A729DD63ED0052668D /* Debug */,
				BD17A0A829DD63ED0052668D /* Release */,
			);
			defaultConfigurationIsVisible = 0;
			defaultConfigurationName = Release;
		};
		BD17A0A929DD63ED0052668D /* Build configuration list for PBXNativeTarget "MyFinance-I" */ = {
			isa = XCConfigurationList;
			buildConfigurations = (
				BD17A0AA29DD63ED0052668D /* Debug */,
				BD17A0AB29DD63ED0052668D /* Release */,
			);
			defaultConfigurationIsVisible = 0;
			defaultConfigurationName = Release;
		};
/* End XCConfigurationList section */

/* Begin XCRemoteSwiftPackageReference section */
		BD17A0AC29DD67DC0052668D /* XCRemoteSwiftPackageReference "realm-swift" */ = {
			isa = XCRemoteSwiftPackageReference;
			repositoryURL = "https://github.com/realm/realm-swift.git";
			requirement = {
				branch = master;
				kind = branch;
			};
		};
/* End XCRemoteSwiftPackageReference section */

/* Begin XCSwiftPackageProductDependency section */
		BD17A0AD29DD67DC0052668D /* Realm */ = {
			isa = XCSwiftPackageProductDependency;
			package = BD17A0AC29DD67DC0052668D /* XCRemoteSwiftPackageReference "realm-swift" */;
			productName = Realm;
		};
		BD17A0AF29DD67DC0052668D /* RealmSwift */ = {
			isa = XCSwiftPackageProductDependency;
			package = BD17A0AC29DD67DC0052668D /* XCRemoteSwiftPackageReference "realm-swift" */;
			productName = RealmSwift;
		};
/* End XCSwiftPackageProductDependency section */
	};
	rootObject = BD17A09329DD63EB0052668D /* Project object */;
}
